PODS:
  - AALocalizationKit (1.2)
  - AAPickerView (1.0)

DEPENDENCIES:
  - AALocalizationKit (from `../`)
  - AAPickerView

SPEC REPOS:
  https://github.com/CocoaPods/Specs.git:
    - AAPickerView

EXTERNAL SOURCES:
  AALocalizationKit:
    :path: "../"

SPEC CHECKSUMS:
  AALocalizationKit: 08d675b7c89362efe6e41009685eab80ac89d0f4
  AAPickerView: 32334007f7bb541db2b2f8663806f0a6636fdfeb

PODFILE CHECKSUM: 0cb0b083a2cd5474705a0b0eb128b310065026fa

COCOAPODS: 1.10.0
