PODS:
  - AALocalizationKit (1.5.1)
  - AAPickerView (1.0)

DEPENDENCIES:
  - AALocalizationKit (from `../`)
  - AAPickerView

SPEC REPOS:
  https://github.com/CocoaPods/Specs.git:
    - AAPickerView

EXTERNAL SOURCES:
  AALocalizationKit:
    :path: "../"

SPEC CHECKSUMS:
  AALocalizationKit: 07233cf6b9f727ad5f5590788aa261992ca15df8
  AAPickerView: 32334007f7bb541db2b2f8663806f0a6636fdfeb

PODFILE CHECKSUM: 0cb0b083a2cd5474705a0b0eb128b310065026fa

COCOAPODS: 1.10.1
