// !$*UTF8*$!
{
	archiveVersion = 1;
	classes = {
	};
	objectVersion = 46;
	objects = {

/* Begin PBXBuildFile section */
		413C62502607D5E0006F2113 /* Localizable.strings in Resources */ = {isa = PBXBuildFile; fileRef = 413C62522607D5E0006F2113 /* Localizable.strings */; };
		607FACD61AFB9204008FA782 /* AppDelegate.swift in Sources */ = {isa = PBXBuildFile; fileRef = 607FACD51AFB9204008FA782 /* AppDelegate.swift */; };
		607FACD81AFB9204008FA782 /* ViewController.swift in Sources */ = {isa = PBXBuildFile; fileRef = 607FACD71AFB9204008FA782 /* ViewController.swift */; };
		607FACDB1AFB9204008FA782 /* Main.storyboard in Resources */ = {isa = PBXBuildFile; fileRef = 607FACD91AFB9204008FA782 /* Main.storyboard */; };
		607FACDD1AFB9204008FA782 /* Images.xcassets in Resources */ = {isa = PBXBuildFile; fileRef = 607FACDC1AFB9204008FA782 /* Images.xcassets */; };
		607FACE01AFB9204008FA782 /* LaunchScreen.xib in Resources */ = {isa = PBXBuildFile; fileRef = 607FACDE1AFB9204008FA782 /* LaunchScreen.xib */; };
		702E0C7EB1E05D68D25C7F8C /* Pods_AALocalizationKit_Example.framework in Frameworks */ = {isa = PBXBuildFile; fileRef = 79163811543E7FE6B6B28D94 /* Pods_AALocalizationKit_Example.framework */; };
		8F6CC284237FEEC7005184E4 /* Extensions.swift in Sources */ = {isa = PBXBuildFile; fileRef = 8F6CC283237FEEC7005184E4 /* Extensions.swift */; };
		8FF9504C239D608E00856085 /* MuchaFrenchCapitals.ttf in Resources */ = {isa = PBXBuildFile; fileRef = 8FF95047239D608E00856085 /* MuchaFrenchCapitals.ttf */; };
		8FF9504D239D608E00856085 /* Chibrush.ttf in Resources */ = {isa = PBXBuildFile; fileRef = 8FF95049239D608E00856085 /* Chibrush.ttf */; };
		8FF9504E239D608E00856085 /* LemonadeStand.ttf in Resources */ = {isa = PBXBuildFile; fileRef = 8FF9504B239D608E00856085 /* LemonadeStand.ttf */; };
		8FF95066239D64F900856085 /* Roboto-Medium.ttf in Resources */ = {isa = PBXBuildFile; fileRef = 8FF95050239D64F800856085 /* Roboto-Medium.ttf */; };
		8FF95068239D64F900856085 /* Roboto-Regular.ttf in Resources */ = {isa = PBXBuildFile; fileRef = 8FF95052239D64F800856085 /* Roboto-Regular.ttf */; };
		8FF9506F239D64F900856085 /* Roboto-Bold.ttf in Resources */ = {isa = PBXBuildFile; fileRef = 8FF95059239D64F800856085 /* Roboto-Bold.ttf */; };
		8FF95072239D64F900856085 /* NotoSerifJP-Bold.otf in Resources */ = {isa = PBXBuildFile; fileRef = 8FF9505D239D64F800856085 /* NotoSerifJP-Bold.otf */; };
		8FF95073239D64F900856085 /* NotoSerifJP-Medium.otf in Resources */ = {isa = PBXBuildFile; fileRef = 8FF9505E239D64F800856085 /* NotoSerifJP-Medium.otf */; };
		8FF95076239D64F900856085 /* NotoSerifJP-Regular.otf in Resources */ = {isa = PBXBuildFile; fileRef = 8FF95061239D64F800856085 /* NotoSerifJP-Regular.otf */; };
		8FF95079239D64F900856085 /* Jomhuria.ttf in Resources */ = {isa = PBXBuildFile; fileRef = 8FF95065239D64F800856085 /* Jomhuria.ttf */; };
/* End PBXBuildFile section */

/* Begin PBXFileReference section */
		0DBDD3241A514C3E03130AA3 /* Pods-AALocalizationKit_Tests.release.xcconfig */ = {isa = PBXFileReference; includeInIndex = 1; lastKnownFileType = text.xcconfig; name = "Pods-AALocalizationKit_Tests.release.xcconfig"; path = "Target Support Files/Pods-AALocalizationKit_Tests/Pods-AALocalizationKit_Tests.release.xcconfig"; sourceTree = "<group>"; };
		1179C07E694F503103CAE559 /* Pods-AALocalizationKit_Example.debug.xcconfig */ = {isa = PBXFileReference; includeInIndex = 1; lastKnownFileType = text.xcconfig; name = "Pods-AALocalizationKit_Example.debug.xcconfig"; path = "Target Support Files/Pods-AALocalizationKit_Example/Pods-AALocalizationKit_Example.debug.xcconfig"; sourceTree = "<group>"; };
		323A797AC12F8B0ACDE279D0 /* Pods-AALocalizationKit_Example.release.xcconfig */ = {isa = PBXFileReference; includeInIndex = 1; lastKnownFileType = text.xcconfig; name = "Pods-AALocalizationKit_Example.release.xcconfig"; path = "Target Support Files/Pods-AALocalizationKit_Example/Pods-AALocalizationKit_Example.release.xcconfig"; sourceTree = "<group>"; };
		3DBF15E3C87A818B1C0D9C06 /* Pods_AALocalizationKit_Tests.framework */ = {isa = PBXFileReference; explicitFileType = wrapper.framework; includeInIndex = 0; path = Pods_AALocalizationKit_Tests.framework; sourceTree = BUILT_PRODUCTS_DIR; };
		413C62512607D5E0006F2113 /* English */ = {isa = PBXFileReference; lastKnownFileType = text.plist.strings; name = English; path = English.lproj/Localizable.strings; sourceTree = "<group>"; };
		413C62542607D5E9006F2113 /* ar */ = {isa = PBXFileReference; lastKnownFileType = text.plist.strings; name = ar; path = ar.lproj/Localizable.strings; sourceTree = "<group>"; };
		413C62552607D5EA006F2113 /* zh-Hans */ = {isa = PBXFileReference; lastKnownFileType = text.plist.strings; name = "zh-Hans"; path = "zh-Hans.lproj/Localizable.strings"; sourceTree = "<group>"; };
		413C62562607D5EB006F2113 /* fr */ = {isa = PBXFileReference; lastKnownFileType = text.plist.strings; name = fr; path = fr.lproj/Localizable.strings; sourceTree = "<group>"; };
		413C62572607D5ED006F2113 /* de */ = {isa = PBXFileReference; lastKnownFileType = text.plist.strings; name = de; path = de.lproj/Localizable.strings; sourceTree = "<group>"; };
		413C62582607D5EE006F2113 /* ja */ = {isa = PBXFileReference; lastKnownFileType = text.plist.strings; name = ja; path = ja.lproj/Localizable.strings; sourceTree = "<group>"; };
		607FACD01AFB9204008FA782 /* AALocalizationKit_Example.app */ = {isa = PBXFileReference; explicitFileType = wrapper.application; includeInIndex = 0; path = AALocalizationKit_Example.app; sourceTree = BUILT_PRODUCTS_DIR; };
		607FACD41AFB9204008FA782 /* Info.plist */ = {isa = PBXFileReference; lastKnownFileType = text.plist.xml; path = Info.plist; sourceTree = "<group>"; };
		607FACD51AFB9204008FA782 /* AppDelegate.swift */ = {isa = PBXFileReference; lastKnownFileType = sourcecode.swift; path = AppDelegate.swift; sourceTree = "<group>"; };
		607FACD71AFB9204008FA782 /* ViewController.swift */ = {isa = PBXFileReference; lastKnownFileType = sourcecode.swift; path = ViewController.swift; sourceTree = "<group>"; };
		607FACDA1AFB9204008FA782 /* Base */ = {isa = PBXFileReference; lastKnownFileType = file.storyboard; name = Base; path = Base.lproj/Main.storyboard; sourceTree = "<group>"; };
		607FACDC1AFB9204008FA782 /* Images.xcassets */ = {isa = PBXFileReference; lastKnownFileType = folder.assetcatalog; path = Images.xcassets; sourceTree = "<group>"; };
		607FACDF1AFB9204008FA782 /* Base */ = {isa = PBXFileReference; lastKnownFileType = file.xib; name = Base; path = Base.lproj/LaunchScreen.xib; sourceTree = "<group>"; };
		607FACEA1AFB9204008FA782 /* Info.plist */ = {isa = PBXFileReference; lastKnownFileType = text.plist.xml; path = Info.plist; sourceTree = "<group>"; };
		607FACEB1AFB9204008FA782 /* Tests.swift */ = {isa = PBXFileReference; lastKnownFileType = sourcecode.swift; path = Tests.swift; sourceTree = "<group>"; };
		79163811543E7FE6B6B28D94 /* Pods_AALocalizationKit_Example.framework */ = {isa = PBXFileReference; explicitFileType = wrapper.framework; includeInIndex = 0; path = Pods_AALocalizationKit_Example.framework; sourceTree = BUILT_PRODUCTS_DIR; };
		8E146012D3AD58C9401A1F64 /* AALocalizationKit.podspec */ = {isa = PBXFileReference; includeInIndex = 1; lastKnownFileType = text; name = AALocalizationKit.podspec; path = ../AALocalizationKit.podspec; sourceTree = "<group>"; xcLanguageSpecificationIdentifier = xcode.lang.ruby; };
		8F6CC283237FEEC7005184E4 /* Extensions.swift */ = {isa = PBXFileReference; lastKnownFileType = sourcecode.swift; path = Extensions.swift; sourceTree = "<group>"; };
		8F6CC295238029F6005184E4 /* ja */ = {isa = PBXFileReference; lastKnownFileType = text.plist.strings; name = ja; path = ja.lproj/Main.strings; sourceTree = "<group>"; };
		8F6CC296238029F6005184E4 /* ja */ = {isa = PBXFileReference; lastKnownFileType = text.plist.strings; name = ja; path = ja.lproj/LaunchScreen.strings; sourceTree = "<group>"; };
		8F6CC29723802A07005184E4 /* ar */ = {isa = PBXFileReference; lastKnownFileType = text.plist.strings; name = ar; path = ar.lproj/Main.strings; sourceTree = "<group>"; };
		8F6CC29823802A07005184E4 /* ar */ = {isa = PBXFileReference; lastKnownFileType = text.plist.strings; name = ar; path = ar.lproj/LaunchScreen.strings; sourceTree = "<group>"; };
		8F6CC29923802CA1005184E4 /* fr */ = {isa = PBXFileReference; lastKnownFileType = text.plist.strings; name = fr; path = fr.lproj/Main.strings; sourceTree = "<group>"; };
		8F6CC29A23802CA1005184E4 /* fr */ = {isa = PBXFileReference; lastKnownFileType = text.plist.strings; name = fr; path = fr.lproj/LaunchScreen.strings; sourceTree = "<group>"; };
		8F6CC29B23802CA9005184E4 /* zh-Hans */ = {isa = PBXFileReference; lastKnownFileType = text.plist.strings; name = "zh-Hans"; path = "zh-Hans.lproj/Main.strings"; sourceTree = "<group>"; };
		8F6CC29C23802CA9005184E4 /* zh-Hans */ = {isa = PBXFileReference; lastKnownFileType = text.plist.strings; name = "zh-Hans"; path = "zh-Hans.lproj/LaunchScreen.strings"; sourceTree = "<group>"; };
		8F6CC29D23802CAF005184E4 /* de */ = {isa = PBXFileReference; lastKnownFileType = text.plist.strings; name = de; path = de.lproj/Main.strings; sourceTree = "<group>"; };
		8F6CC29E23802CAF005184E4 /* de */ = {isa = PBXFileReference; lastKnownFileType = text.plist.strings; name = de; path = de.lproj/LaunchScreen.strings; sourceTree = "<group>"; };
		8FF95047239D608E00856085 /* MuchaFrenchCapitals.ttf */ = {isa = PBXFileReference; lastKnownFileType = file; path = MuchaFrenchCapitals.ttf; sourceTree = "<group>"; };
		8FF95049239D608E00856085 /* Chibrush.ttf */ = {isa = PBXFileReference; lastKnownFileType = file; path = Chibrush.ttf; sourceTree = "<group>"; };
		8FF9504B239D608E00856085 /* LemonadeStand.ttf */ = {isa = PBXFileReference; lastKnownFileType = file; path = LemonadeStand.ttf; sourceTree = "<group>"; };
		8FF95050239D64F800856085 /* Roboto-Medium.ttf */ = {isa = PBXFileReference; lastKnownFileType = file; path = "Roboto-Medium.ttf"; sourceTree = "<group>"; };
		8FF95052239D64F800856085 /* Roboto-Regular.ttf */ = {isa = PBXFileReference; lastKnownFileType = file; path = "Roboto-Regular.ttf"; sourceTree = "<group>"; };
		8FF95059239D64F800856085 /* Roboto-Bold.ttf */ = {isa = PBXFileReference; lastKnownFileType = file; path = "Roboto-Bold.ttf"; sourceTree = "<group>"; };
		8FF9505D239D64F800856085 /* NotoSerifJP-Bold.otf */ = {isa = PBXFileReference; lastKnownFileType = file; path = "NotoSerifJP-Bold.otf"; sourceTree = "<group>"; };
		8FF9505E239D64F800856085 /* NotoSerifJP-Medium.otf */ = {isa = PBXFileReference; lastKnownFileType = file; path = "NotoSerifJP-Medium.otf"; sourceTree = "<group>"; };
		8FF95061239D64F800856085 /* NotoSerifJP-Regular.otf */ = {isa = PBXFileReference; lastKnownFileType = file; path = "NotoSerifJP-Regular.otf"; sourceTree = "<group>"; };
		8FF95065239D64F800856085 /* Jomhuria.ttf */ = {isa = PBXFileReference; lastKnownFileType = file; path = Jomhuria.ttf; sourceTree = "<group>"; };
		A9794807A18BED66537EBB00 /* LICENSE */ = {isa = PBXFileReference; includeInIndex = 1; lastKnownFileType = text; name = LICENSE; path = ../LICENSE; sourceTree = "<group>"; };
		B953EC674BFE9ECC523CA95D /* README.md */ = {isa = PBXFileReference; includeInIndex = 1; lastKnownFileType = net.daringfireball.markdown; name = README.md; path = ../README.md; sourceTree = "<group>"; };
		F233C2738A93DBCFAF81D85F /* Pods-AALocalizationKit_Tests.debug.xcconfig */ = {isa = PBXFileReference; includeInIndex = 1; lastKnownFileType = text.xcconfig; name = "Pods-AALocalizationKit_Tests.debug.xcconfig"; path = "Target Support Files/Pods-AALocalizationKit_Tests/Pods-AALocalizationKit_Tests.debug.xcconfig"; sourceTree = "<group>"; };
/* End PBXFileReference section */

/* Begin PBXFrameworksBuildPhase section */
		607FACCD1AFB9204008FA782 /* Frameworks */ = {
			isa = PBXFrameworksBuildPhase;
			buildActionMask = 2147483647;
			files = (
				702E0C7EB1E05D68D25C7F8C /* Pods_AALocalizationKit_Example.framework in Frameworks */,
			);
			runOnlyForDeploymentPostprocessing = 0;
		};
/* End PBXFrameworksBuildPhase section */

/* Begin PBXGroup section */
		301F9B4F4825E14015D8C2B5 /* Pods */ = {
			isa = PBXGroup;
			children = (
				1179C07E694F503103CAE559 /* Pods-AALocalizationKit_Example.debug.xcconfig */,
				323A797AC12F8B0ACDE279D0 /* Pods-AALocalizationKit_Example.release.xcconfig */,
				F233C2738A93DBCFAF81D85F /* Pods-AALocalizationKit_Tests.debug.xcconfig */,
				0DBDD3241A514C3E03130AA3 /* Pods-AALocalizationKit_Tests.release.xcconfig */,
			);
			path = Pods;
			sourceTree = "<group>";
		};
		607FACC71AFB9204008FA782 = {
			isa = PBXGroup;
			children = (
				607FACF51AFB993E008FA782 /* Podspec Metadata */,
				607FACD21AFB9204008FA782 /* Example for AALocalizationKit */,
				607FACE81AFB9204008FA782 /* Tests */,
				607FACD11AFB9204008FA782 /* Products */,
				301F9B4F4825E14015D8C2B5 /* Pods */,
				98199E8DA3A4FDDBB061C132 /* Frameworks */,
			);
			sourceTree = "<group>";
		};
		607FACD11AFB9204008FA782 /* Products */ = {
			isa = PBXGroup;
			children = (
				607FACD01AFB9204008FA782 /* AALocalizationKit_Example.app */,
			);
			name = Products;
			sourceTree = "<group>";
		};
		607FACD21AFB9204008FA782 /* Example for AALocalizationKit */ = {
			isa = PBXGroup;
			children = (
				607FACD51AFB9204008FA782 /* AppDelegate.swift */,
				607FACD71AFB9204008FA782 /* ViewController.swift */,
				8F6CC283237FEEC7005184E4 /* Extensions.swift */,
				413C62522607D5E0006F2113 /* Localizable.strings */,
				607FACD91AFB9204008FA782 /* Main.storyboard */,
				607FACDE1AFB9204008FA782 /* LaunchScreen.xib */,
				607FACDC1AFB9204008FA782 /* Images.xcassets */,
				8FB0E2CB235F465000BBE0B3 /* Resources */,
				607FACD31AFB9204008FA782 /* Supporting Files */,
			);
			name = "Example for AALocalizationKit";
			path = AALocalizationKit;
			sourceTree = "<group>";
		};
		607FACD31AFB9204008FA782 /* Supporting Files */ = {
			isa = PBXGroup;
			children = (
				607FACD41AFB9204008FA782 /* Info.plist */,
			);
			name = "Supporting Files";
			sourceTree = "<group>";
		};
		607FACE81AFB9204008FA782 /* Tests */ = {
			isa = PBXGroup;
			children = (
				607FACEB1AFB9204008FA782 /* Tests.swift */,
				607FACE91AFB9204008FA782 /* Supporting Files */,
			);
			path = Tests;
			sourceTree = "<group>";
		};
		607FACE91AFB9204008FA782 /* Supporting Files */ = {
			isa = PBXGroup;
			children = (
				607FACEA1AFB9204008FA782 /* Info.plist */,
			);
			name = "Supporting Files";
			sourceTree = "<group>";
		};
		607FACF51AFB993E008FA782 /* Podspec Metadata */ = {
			isa = PBXGroup;
			children = (
				8E146012D3AD58C9401A1F64 /* AALocalizationKit.podspec */,
				B953EC674BFE9ECC523CA95D /* README.md */,
				A9794807A18BED66537EBB00 /* LICENSE */,
			);
			name = "Podspec Metadata";
			sourceTree = "<group>";
		};
		8FB0E2CB235F465000BBE0B3 /* Resources */ = {
			isa = PBXGroup;
			children = (
				8FB0E2CC235F465000BBE0B3 /* Fonts */,
			);
			path = Resources;
			sourceTree = "<group>";
		};
		8FB0E2CC235F465000BBE0B3 /* Fonts */ = {
			isa = PBXGroup;
			children = (
				8FF95064239D64F800856085 /* Jomhuria (Arabic) */,
				8FF9505C239D64F800856085 /* Noto Serif (Japanese) */,
				8FF9504F239D64F800856085 /* Roboto (English) */,
				8FF95048239D608E00856085 /* Chibrush (Chinese) */,
				8FF9504A239D608E00856085 /* LemonadeStand (German) */,
				8FF95046239D608E00856085 /* MuchaFrenchCapitals (French) */,
			);
			path = Fonts;
			sourceTree = "<group>";
		};
		8FF95046239D608E00856085 /* MuchaFrenchCapitals (French) */ = {
			isa = PBXGroup;
			children = (
				8FF95047239D608E00856085 /* MuchaFrenchCapitals.ttf */,
			);
			path = "MuchaFrenchCapitals (French)";
			sourceTree = "<group>";
		};
		8FF95048239D608E00856085 /* Chibrush (Chinese) */ = {
			isa = PBXGroup;
			children = (
				8FF95049239D608E00856085 /* Chibrush.ttf */,
			);
			path = "Chibrush (Chinese)";
			sourceTree = "<group>";
		};
		8FF9504A239D608E00856085 /* LemonadeStand (German) */ = {
			isa = PBXGroup;
			children = (
				8FF9504B239D608E00856085 /* LemonadeStand.ttf */,
			);
			path = "LemonadeStand (German)";
			sourceTree = "<group>";
		};
		8FF9504F239D64F800856085 /* Roboto (English) */ = {
			isa = PBXGroup;
			children = (
				8FF95050239D64F800856085 /* Roboto-Medium.ttf */,
				8FF95052239D64F800856085 /* Roboto-Regular.ttf */,
				8FF95059239D64F800856085 /* Roboto-Bold.ttf */,
			);
			path = "Roboto (English)";
			sourceTree = "<group>";
		};
		8FF9505C239D64F800856085 /* Noto Serif (Japanese) */ = {
			isa = PBXGroup;
			children = (
				8FF9505D239D64F800856085 /* NotoSerifJP-Bold.otf */,
				8FF9505E239D64F800856085 /* NotoSerifJP-Medium.otf */,
				8FF95061239D64F800856085 /* NotoSerifJP-Regular.otf */,
			);
			path = "Noto Serif (Japanese)";
			sourceTree = "<group>";
		};
		8FF95064239D64F800856085 /* Jomhuria (Arabic) */ = {
			isa = PBXGroup;
			children = (
				8FF95065239D64F800856085 /* Jomhuria.ttf */,
			);
			path = "Jomhuria (Arabic)";
			sourceTree = "<group>";
		};
		98199E8DA3A4FDDBB061C132 /* Frameworks */ = {
			isa = PBXGroup;
			children = (
				79163811543E7FE6B6B28D94 /* Pods_AALocalizationKit_Example.framework */,
				3DBF15E3C87A818B1C0D9C06 /* Pods_AALocalizationKit_Tests.framework */,
			);
			name = Frameworks;
			sourceTree = "<group>";
		};
/* End PBXGroup section */

/* Begin PBXNativeTarget section */
		607FACCF1AFB9204008FA782 /* AALocalizationKit_Example */ = {
			isa = PBXNativeTarget;
			buildConfigurationList = 607FACEF1AFB9204008FA782 /* Build configuration list for PBXNativeTarget "AALocalizationKit_Example" */;
			buildPhases = (
				A3E0437746032E180B832930 /* [CP] Check Pods Manifest.lock */,
				607FACCC1AFB9204008FA782 /* Sources */,
				607FACCD1AFB9204008FA782 /* Frameworks */,
				607FACCE1AFB9204008FA782 /* Resources */,
				0898DF6C4F0E3A35D842BF3C /* [CP] Embed Pods Frameworks */,
			);
			buildRules = (
			);
			dependencies = (
			);
			name = AALocalizationKit_Example;
			productName = AALocalizationKit;
			productReference = 607FACD01AFB9204008FA782 /* AALocalizationKit_Example.app */;
			productType = "com.apple.product-type.application";
		};
/* End PBXNativeTarget section */

/* Begin PBXProject section */
		607FACC81AFB9204008FA782 /* Project object */ = {
			isa = PBXProject;
			attributes = {
				LastSwiftUpdateCheck = 0830;
				LastUpgradeCheck = 0830;
				ORGANIZATIONNAME = CocoaPods;
				TargetAttributes = {
					607FACCF1AFB9204008FA782 = {
						CreatedOnToolsVersion = 6.3.1;
						DevelopmentTeam = N5VK3LC7X7;
						LastSwiftMigration = 0900;
					};
				};
			};
			buildConfigurationList = 607FACCB1AFB9204008FA782 /* Build configuration list for PBXProject "AALocalizationKit" */;
			compatibilityVersion = "Xcode 3.2";
			developmentRegion = English;
			hasScannedForEncodings = 0;
			knownRegions = (
				English,
				Base,
				ja,
				ar,
				fr,
				"zh-Hans",
				de,
			);
			mainGroup = 607FACC71AFB9204008FA782;
			productRefGroup = 607FACD11AFB9204008FA782 /* Products */;
			projectDirPath = "";
			projectRoot = "";
			targets = (
				607FACCF1AFB9204008FA782 /* AALocalizationKit_Example */,
			);
		};
/* End PBXProject section */

/* Begin PBXResourcesBuildPhase section */
		607FACCE1AFB9204008FA782 /* Resources */ = {
			isa = PBXResourcesBuildPhase;
			buildActionMask = 2147483647;
			files = (
				8FF9504E239D608E00856085 /* LemonadeStand.ttf in Resources */,
				8FF95079239D64F900856085 /* Jomhuria.ttf in Resources */,
				8FF9504C239D608E00856085 /* MuchaFrenchCapitals.ttf in Resources */,
				413C62502607D5E0006F2113 /* Localizable.strings in Resources */,
				8FF95076239D64F900856085 /* NotoSerifJP-Regular.otf in Resources */,
				8FF9504D239D608E00856085 /* Chibrush.ttf in Resources */,
				8FF95073239D64F900856085 /* NotoSerifJP-Medium.otf in Resources */,
				8FF95066239D64F900856085 /* Roboto-Medium.ttf in Resources */,
				607FACDB1AFB9204008FA782 /* Main.storyboard in Resources */,
				607FACE01AFB9204008FA782 /* LaunchScreen.xib in Resources */,
				8FF95068239D64F900856085 /* Roboto-Regular.ttf in Resources */,
				8FF9506F239D64F900856085 /* Roboto-Bold.ttf in Resources */,
				8FF95072239D64F900856085 /* NotoSerifJP-Bold.otf in Resources */,
				607FACDD1AFB9204008FA782 /* Images.xcassets in Resources */,
			);
			runOnlyForDeploymentPostprocessing = 0;
		};
/* End PBXResourcesBuildPhase section */

/* Begin PBXShellScriptBuildPhase section */
		0898DF6C4F0E3A35D842BF3C /* [CP] Embed Pods Frameworks */ = {
			isa = PBXShellScriptBuildPhase;
			buildActionMask = 2147483647;
			files = (
			);
			inputPaths = (
				"${PODS_ROOT}/Target Support Files/Pods-AALocalizationKit_Example/Pods-AALocalizationKit_Example-frameworks.sh",
				"${BUILT_PRODUCTS_DIR}/AALocalizationKit/AALocalizationKit.framework",
				"${BUILT_PRODUCTS_DIR}/AAPickerView/AAPickerView.framework",
			);
			name = "[CP] Embed Pods Frameworks";
			outputPaths = (
				"${TARGET_BUILD_DIR}/${FRAMEWORKS_FOLDER_PATH}/AALocalizationKit.framework",
				"${TARGET_BUILD_DIR}/${FRAMEWORKS_FOLDER_PATH}/AAPickerView.framework",
			);
			runOnlyForDeploymentPostprocessing = 0;
			shellPath = /bin/sh;
			shellScript = "\"${PODS_ROOT}/Target Support Files/Pods-AALocalizationKit_Example/Pods-AALocalizationKit_Example-frameworks.sh\"\n";
			showEnvVarsInLog = 0;
		};
		A3E0437746032E180B832930 /* [CP] Check Pods Manifest.lock */ = {
			isa = PBXShellScriptBuildPhase;
			buildActionMask = 2147483647;
			files = (
			);
			inputFileListPaths = (
			);
			inputPaths = (
				"${PODS_PODFILE_DIR_PATH}/Podfile.lock",
				"${PODS_ROOT}/Manifest.lock",
			);
			name = "[CP] Check Pods Manifest.lock";
			outputFileListPaths = (
			);
			outputPaths = (
				"$(DERIVED_FILE_DIR)/Pods-AALocalizationKit_Example-checkManifestLockResult.txt",
			);
			runOnlyForDeploymentPostprocessing = 0;
			shellPath = /bin/sh;
			shellScript = "diff \"${PODS_PODFILE_DIR_PATH}/Podfile.lock\" \"${PODS_ROOT}/Manifest.lock\" > /dev/null\nif [ $? != 0 ] ; then\n    # print error to STDERR\n    echo \"error: The sandbox is not in sync with the Podfile.lock. Run 'pod install' or update your CocoaPods installation.\" >&2\n    exit 1\nfi\n# This output is used by Xcode 'outputs' to avoid re-running this script phase.\necho \"SUCCESS\" > \"${SCRIPT_OUTPUT_FILE_0}\"\n";
			showEnvVarsInLog = 0;
		};
/* End PBXShellScriptBuildPhase section */

/* Begin PBXSourcesBuildPhase section */
		607FACCC1AFB9204008FA782 /* Sources */ = {
			isa = PBXSourcesBuildPhase;
			buildActionMask = 2147483647;
			files = (
				607FACD81AFB9204008FA782 /* ViewController.swift in Sources */,
				8F6CC284237FEEC7005184E4 /* Extensions.swift in Sources */,
				607FACD61AFB9204008FA782 /* AppDelegate.swift in Sources */,
			);
			runOnlyForDeploymentPostprocessing = 0;
		};
/* End PBXSourcesBuildPhase section */

/* Begin PBXVariantGroup section */
		413C62522607D5E0006F2113 /* Localizable.strings */ = {
			isa = PBXVariantGroup;
			children = (
				413C62512607D5E0006F2113 /* English */,
				413C62542607D5E9006F2113 /* ar */,
				413C62552607D5EA006F2113 /* zh-Hans */,
				413C62562607D5EB006F2113 /* fr */,
				413C62572607D5ED006F2113 /* de */,
				413C62582607D5EE006F2113 /* ja */,
			);
			name = Localizable.strings;
			sourceTree = "<group>";
		};
		607FACD91AFB9204008FA782 /* Main.storyboard */ = {
			isa = PBXVariantGroup;
			children = (
				607FACDA1AFB9204008FA782 /* Base */,
				8F6CC295238029F6005184E4 /* ja */,
				8F6CC29723802A07005184E4 /* ar */,
				8F6CC29923802CA1005184E4 /* fr */,
				8F6CC29B23802CA9005184E4 /* zh-Hans */,
				8F6CC29D23802CAF005184E4 /* de */,
			);
			name = Main.storyboard;
			sourceTree = "<group>";
		};
		607FACDE1AFB9204008FA782 /* LaunchScreen.xib */ = {
			isa = PBXVariantGroup;
			children = (
				607FACDF1AFB9204008FA782 /* Base */,
				8F6CC296238029F6005184E4 /* ja */,
				8F6CC29823802A07005184E4 /* ar */,
				8F6CC29A23802CA1005184E4 /* fr */,
				8F6CC29C23802CA9005184E4 /* zh-Hans */,
				8F6CC29E23802CAF005184E4 /* de */,
			);
			name = LaunchScreen.xib;
			sourceTree = "<group>";
		};
/* End PBXVariantGroup section */

/* Begin XCBuildConfiguration section */
		607FACED1AFB9204008FA782 /* Debug */ = {
			isa = XCBuildConfiguration;
			buildSettings = {
				ALWAYS_SEARCH_USER_PATHS = NO;
				CLANG_ANALYZER_LOCALIZABILITY_NONLOCALIZED = YES;
				CLANG_CXX_LANGUAGE_STANDARD = "gnu++0x";
				CLANG_CXX_LIBRARY = "libc++";
				CLANG_ENABLE_MODULES = YES;
				CLANG_ENABLE_OBJC_ARC = YES;
				CLANG_WARN_BLOCK_CAPTURE_AUTORELEASING = YES;
				CLANG_WARN_BOOL_CONVERSION = YES;
				CLANG_WARN_COMMA = YES;
				CLANG_WARN_CONSTANT_CONVERSION = YES;
				CLANG_WARN_DIRECT_OBJC_ISA_USAGE = YES_ERROR;
				CLANG_WARN_EMPTY_BODY = YES;
				CLANG_WARN_ENUM_CONVERSION = YES;
				CLANG_WARN_INFINITE_RECURSION = YES;
				CLANG_WARN_INT_CONVERSION = YES;
				CLANG_WARN_NON_LITERAL_NULL_CONVERSION = YES;
				CLANG_WARN_OBJC_LITERAL_CONVERSION = YES;
				CLANG_WARN_OBJC_ROOT_CLASS = YES_ERROR;
				CLANG_WARN_RANGE_LOOP_ANALYSIS = YES;
				CLANG_WARN_STRICT_PROTOTYPES = YES;
				CLANG_WARN_SUSPICIOUS_MOVE = YES;
				CLANG_WARN_UNREACHABLE_CODE = YES;
				CLANG_WARN__DUPLICATE_METHOD_MATCH = YES;
				"CODE_SIGN_IDENTITY[sdk=iphoneos*]" = "iPhone Developer";
				COPY_PHASE_STRIP = NO;
				DEBUG_INFORMATION_FORMAT = "dwarf-with-dsym";
				ENABLE_STRICT_OBJC_MSGSEND = YES;
				ENABLE_TESTABILITY = YES;
				GCC_C_LANGUAGE_STANDARD = gnu99;
				GCC_DYNAMIC_NO_PIC = NO;
				GCC_NO_COMMON_BLOCKS = YES;
				GCC_OPTIMIZATION_LEVEL = 0;
				GCC_PREPROCESSOR_DEFINITIONS = (
					"DEBUG=1",
					"$(inherited)",
				);
				GCC_SYMBOLS_PRIVATE_EXTERN = NO;
				GCC_WARN_64_TO_32_BIT_CONVERSION = YES;
				GCC_WARN_ABOUT_RETURN_TYPE = YES_ERROR;
				GCC_WARN_UNDECLARED_SELECTOR = YES;
				GCC_WARN_UNINITIALIZED_AUTOS = YES_AGGRESSIVE;
				GCC_WARN_UNUSED_FUNCTION = YES;
				GCC_WARN_UNUSED_VARIABLE = YES;
				IPHONEOS_DEPLOYMENT_TARGET = 9.3;
				MTL_ENABLE_DEBUG_INFO = YES;
				ONLY_ACTIVE_ARCH = YES;
				SDKROOT = iphoneos;
				SWIFT_OPTIMIZATION_LEVEL = "-Onone";
			};
			name = Debug;
		};
		607FACEE1AFB9204008FA782 /* Release */ = {
			isa = XCBuildConfiguration;
			buildSettings = {
				ALWAYS_SEARCH_USER_PATHS = NO;
				CLANG_ANALYZER_LOCALIZABILITY_NONLOCALIZED = YES;
				CLANG_CXX_LANGUAGE_STANDARD = "gnu++0x";
				CLANG_CXX_LIBRARY = "libc++";
				CLANG_ENABLE_MODULES = YES;
				CLANG_ENABLE_OBJC_ARC = YES;
				CLANG_WARN_BLOCK_CAPTURE_AUTORELEASING = YES;
				CLANG_WARN_BOOL_CONVERSION = YES;
				CLANG_WARN_COMMA = YES;
				CLANG_WARN_CONSTANT_CONVERSION = YES;
				CLANG_WARN_DIRECT_OBJC_ISA_USAGE = YES_ERROR;
				CLANG_WARN_EMPTY_BODY = YES;
				CLANG_WARN_ENUM_CONVERSION = YES;
				CLANG_WARN_INFINITE_RECURSION = YES;
				CLANG_WARN_INT_CONVERSION = YES;
				CLANG_WARN_NON_LITERAL_NULL_CONVERSION = YES;
				CLANG_WARN_OBJC_LITERAL_CONVERSION = YES;
				CLANG_WARN_OBJC_ROOT_CLASS = YES_ERROR;
				CLANG_WARN_RANGE_LOOP_ANALYSIS = YES;
				CLANG_WARN_STRICT_PROTOTYPES = YES;
				CLANG_WARN_SUSPICIOUS_MOVE = YES;
				CLANG_WARN_UNREACHABLE_CODE = YES;
				CLANG_WARN__DUPLICATE_METHOD_MATCH = YES;
				"CODE_SIGN_IDENTITY[sdk=iphoneos*]" = "iPhone Developer";
				COPY_PHASE_STRIP = NO;
				DEBUG_INFORMATION_FORMAT = "dwarf-with-dsym";
				ENABLE_NS_ASSERTIONS = NO;
				ENABLE_STRICT_OBJC_MSGSEND = YES;
				GCC_C_LANGUAGE_STANDARD = gnu99;
				GCC_NO_COMMON_BLOCKS = YES;
				GCC_WARN_64_TO_32_BIT_CONVERSION = YES;
				GCC_WARN_ABOUT_RETURN_TYPE = YES_ERROR;
				GCC_WARN_UNDECLARED_SELECTOR = YES;
				GCC_WARN_UNINITIALIZED_AUTOS = YES_AGGRESSIVE;
				GCC_WARN_UNUSED_FUNCTION = YES;
				GCC_WARN_UNUSED_VARIABLE = YES;
				IPHONEOS_DEPLOYMENT_TARGET = 9.3;
				MTL_ENABLE_DEBUG_INFO = NO;
				SDKROOT = iphoneos;
				SWIFT_OPTIMIZATION_LEVEL = "-Owholemodule";
				VALIDATE_PRODUCT = YES;
			};
			name = Release;
		};
		607FACF01AFB9204008FA782 /* Debug */ = {
			isa = XCBuildConfiguration;
			baseConfigurationReference = 1179C07E694F503103CAE559 /* Pods-AALocalizationKit_Example.debug.xcconfig */;
			buildSettings = {
				ASSETCATALOG_COMPILER_APPICON_NAME = AppIcon;
				DEVELOPMENT_TEAM = N5VK3LC7X7;
				INFOPLIST_FILE = AALocalizationKit/Info.plist;
				LD_RUNPATH_SEARCH_PATHS = "$(inherited) @executable_path/Frameworks";
				MODULE_NAME = ExampleApp;
				PRODUCT_BUNDLE_IDENTIFIER = "org.cocoapods.demo.$(PRODUCT_NAME:rfc1034identifier)";
				PRODUCT_NAME = "$(TARGET_NAME)";
				SWIFT_SWIFT3_OBJC_INFERENCE = Default;
				SWIFT_VERSION = 4.0;
			};
			name = Debug;
		};
		607FACF11AFB9204008FA782 /* Release */ = {
			isa = XCBuildConfiguration;
			baseConfigurationReference = 323A797AC12F8B0ACDE279D0 /* Pods-AALocalizationKit_Example.release.xcconfig */;
			buildSettings = {
				ASSETCATALOG_COMPILER_APPICON_NAME = AppIcon;
				DEVELOPMENT_TEAM = N5VK3LC7X7;
				INFOPLIST_FILE = AALocalizationKit/Info.plist;
				LD_RUNPATH_SEARCH_PATHS = "$(inherited) @executable_path/Frameworks";
				MODULE_NAME = ExampleApp;
				PRODUCT_BUNDLE_IDENTIFIER = "org.cocoapods.demo.$(PRODUCT_NAME:rfc1034identifier)";
				PRODUCT_NAME = "$(TARGET_NAME)";
				SWIFT_SWIFT3_OBJC_INFERENCE = Default;
				SWIFT_VERSION = 4.0;
			};
			name = Release;
		};
/* End XCBuildConfiguration section */

/* Begin XCConfigurationList section */
		607FACCB1AFB9204008FA782 /* Build configuration list for PBXProject "AALocalizationKit" */ = {
			isa = XCConfigurationList;
			buildConfigurations = (
				607FACED1AFB9204008FA782 /* Debug */,
				607FACEE1AFB9204008FA782 /* Release */,
			);
			defaultConfigurationIsVisible = 0;
			defaultConfigurationName = Release;
		};
		607FACEF1AFB9204008FA782 /* Build configuration list for PBXNativeTarget "AALocalizationKit_Example" */ = {
			isa = XCConfigurationList;
			buildConfigurations = (
				607FACF01AFB9204008FA782 /* Debug */,
				607FACF11AFB9204008FA782 /* Release */,
			);
			defaultConfigurationIsVisible = 0;
			defaultConfigurationName = Release;
		};
/* End XCConfigurationList section */
	};
	rootObject = 607FACC81AFB9204008FA782 /* Project object */;
}
